
Microsoft Visual Studio Solution File, Format Version 12.00
# Visual Studio Version 16
VisualStudioVersion = 16.0.30804.86
MinimumVisualStudioVersion = 10.0.40219.1
Project("{FAE04EC0-301F-11D3-BF4B-00C04F79EFBC}") = "NOT", "NOT\NOT.csproj", "{B618C590-2E20-48EA-A977-42BF3DDD6011}"
EndProject
Project("{2150E333-8FDC-42A3-9474-1A3956D46DE8}") = "Solution Items", "Solution Items", "{240B938A-71C0-413C-A338-47F4E31CDEF8}"
	ProjectSection(SolutionItems) = preProject
		NOT\App_Data\Grant.SQL = NOT\App_Data\Grant.SQL
	EndProjectSection
EndProject
Global
	GlobalSection(SolutionConfigurationPlatforms) = preSolution
		Debug|Any CPU = Debug|Any CPU
		Release|Any CPU = Release|Any CPU
	EndGlobalSection
	GlobalSection(ProjectConfigurationPlatforms) = postSolution
		{B618C590-2E20-48EA-A977-42BF3DDD6011}.Debug|Any CPU.ActiveCfg = Debug|Any CPU
		{B618C590-2E20-48EA-A977-42BF3DDD6011}.Debug|Any CPU.Build.0 = Debug|Any CPU
		{B618C590-2E20-48EA-A977-42BF3DDD6011}.Release|Any CPU.ActiveCfg = Release|Any CPU
		{B618C590-2E20-48EA-A977-42BF3DDD6011}.Release|Any CPU.Build.0 = Release|Any CPU
	EndGlobalSection
	GlobalSection(SolutionProperties) = preSolution
		HideSolutionNode = FALSE
	EndGlobalSection
	GlobalSection(ExtensibilityGlobals) = postSolution
		SolutionGuid = {83BA7530-0DC8-42F0-8D56-F8F3E9CA2898}
	EndGlobalSection
EndGlobal
